
Microsoft Visual Studio Solution File, Format Version 12.00
# Visual Studio 15
VisualStudioVersion = 15.0.28010.2050
MinimumVisualStudioVersion = 10.0.40219.1
Project("{FAE04EC0-301F-11D3-BF4B-00C04F79EFBC}") = "FirstPractice", "FirstPractice\FirstPractice.csproj", "{0F312B6B-671A-49A2-AB95-9881F895A8C9}"
EndProject
Global
	GlobalSection(SolutionConfigurationPlatforms) = preSolution
		Debug|Any CPU = Debug|Any CPU
		Release|Any CPU = Release|Any CPU
	EndGlobalSection
	GlobalSection(ProjectConfigurationPlatforms) = postSolution
		{0F312B6B-671A-49A2-AB95-9881F895A8C9}.Debug|Any CPU.ActiveCfg = Debug|Any CPU
		{0F312B6B-671A-49A2-AB95-9881F895A8C9}.Debug|Any CPU.Build.0 = Debug|Any CPU
		{0F312B6B-671A-49A2-AB95-9881F895A8C9}.Release|Any CPU.ActiveCfg = Release|Any CPU
		{0F312B6B-671A-49A2-AB95-9881F895A8C9}.Release|Any CPU.Build.0 = Release|Any CPU
	EndGlobalSection
	GlobalSection(SolutionProperties) = preSolution
		HideSolutionNode = FALSE
	EndGlobalSection
	GlobalSection(ExtensibilityGlobals) = postSolution
		SolutionGuid = {BC75A389-EDCE-47DD-B438-419B0E2101B7}
	EndGlobalSection
EndGlobal
